
Microsoft Visual Studio Solution File, Format Version 12.00
# Visual Studio Version 18
VisualStudioVersion = 18.0.11205.157
MinimumVisualStudioVersion = 10.0.40219.1
Project("{FAE04EC0-301F-11D3-BF4B-00C04F79EFBC}") = "Fiplex.Control.Software.WinForms", "src\Fiplex.Control.Software.WinForms\Fiplex.Control.Software.WinForms.csproj", "{1539257C-579F-4877-9BB7-B8341FA4F981}"
EndProject
Project("{F184B08F-C81C-45F6-A57F-5ABD9991F28F}") = "Fiplex Control Software", "..\..\migrar\scr\fcs2Array\Fiplex Control Software.vbproj", "{B5057662-2C82-40B0-9EEF-541F1581253A}"
EndProject
Global
	GlobalSection(SolutionConfigurationPlatforms) = preSolution
		Debug|Any CPU = Debug|Any CPU
		Debug|x86 = Debug|x86
		Release|Any CPU = Release|Any CPU
		Release|x86 = Release|x86
	EndGlobalSection
	GlobalSection(ProjectConfigurationPlatforms) = postSolution
		{1539257C-579F-4877-9BB7-B8341FA4F981}.Debug|Any CPU.ActiveCfg = Debug|Any CPU
		{1539257C-579F-4877-9BB7-B8341FA4F981}.Debug|Any CPU.Build.0 = Debug|Any CPU
		{1539257C-579F-4877-9BB7-B8341FA4F981}.Debug|x86.ActiveCfg = Debug|Any CPU
		{1539257C-579F-4877-9BB7-B8341FA4F981}.Debug|x86.Build.0 = Debug|Any CPU
		{1539257C-579F-4877-9BB7-B8341FA4F981}.Release|Any CPU.ActiveCfg = Release|Any CPU
		{1539257C-579F-4877-9BB7-B8341FA4F981}.Release|Any CPU.Build.0 = Release|Any CPU
		{1539257C-579F-4877-9BB7-B8341FA4F981}.Release|x86.ActiveCfg = Release|Any CPU
		{1539257C-579F-4877-9BB7-B8341FA4F981}.Release|x86.Build.0 = Release|Any CPU
		{B5057662-2C82-40B0-9EEF-541F1581253A}.Debug|Any CPU.ActiveCfg = Debug|Any CPU
		{B5057662-2C82-40B0-9EEF-541F1581253A}.Debug|Any CPU.Build.0 = Debug|Any CPU
		{B5057662-2C82-40B0-9EEF-541F1581253A}.Debug|x86.ActiveCfg = Debug|x86
		{B5057662-2C82-40B0-9EEF-541F1581253A}.Debug|x86.Build.0 = Debug|x86
		{B5057662-2C82-40B0-9EEF-541F1581253A}.Release|Any CPU.ActiveCfg = Release|Any CPU
		{B5057662-2C82-40B0-9EEF-541F1581253A}.Release|Any CPU.Build.0 = Release|Any CPU
		{B5057662-2C82-40B0-9EEF-541F1581253A}.Release|x86.ActiveCfg = Release|x86
		{B5057662-2C82-40B0-9EEF-541F1581253A}.Release|x86.Build.0 = Release|x86
	EndGlobalSection
	GlobalSection(SolutionProperties) = preSolution
		HideSolutionNode = FALSE
	EndGlobalSection
	GlobalSection(ExtensibilityGlobals) = postSolution
		SolutionGuid = {C8CB971C-C306-430E-9A83-BC2A7F31DD0F}
	EndGlobalSection
EndGlobal
